// !$*UTF8*$!
{
	archiveVersion = 1;
	classes = {
	};
	objectVersion = 46;
	objects = {

/* Begin PBXBuildFile section */
		E843893A1B0CCF4900D25775 /* GameData.swift in Sources */ = {isa = PBXBuildFile; fileRef = E84389391B0CCF4900D25775 /* GameData.swift */; };
		E85F74361B0BBED700F001F0 /* BallCountView.swift in Sources */ = {isa = PBXBuildFile; fileRef = E85F74351B0BBED700F001F0 /* BallCountView.swift */; };
		E85F74381B0BBEEC00F001F0 /* BallView.swift in Sources */ = {isa = PBXBuildFile; fileRef = E85F74371B0BBEEC00F001F0 /* BallView.swift */; };
		E85F743A1B0BBF0100F001F0 /* BrickView.swift in Sources */ = {isa = PBXBuildFile; fileRef = E85F74391B0BBF0100F001F0 /* BrickView.swift */; };
		E85F743C1B0BBF1100F001F0 /* PaddleView.swift in Sources */ = {isa = PBXBuildFile; fileRef = E85F743B1B0BBF1100F001F0 /* PaddleView.swift */; };
		E8D53B461B0B6CF400F0DCEA /* AppDelegate.swift in Sources */ = {isa = PBXBuildFile; fileRef = E8D53B451B0B6CF400F0DCEA /* AppDelegate.swift */; };
		E8D53B481B0B6CF400F0DCEA /* ViewController.swift in Sources */ = {isa = PBXBuildFile; fileRef = E8D53B471B0B6CF400F0DCEA /* ViewController.swift */; };
		E8D53B4B1B0B6CF400F0DCEA /* Main.storyboard in Resources */ = {isa = PBXBuildFile; fileRef = E8D53B491B0B6CF400F0DCEA /* Main.storyboard */; };
		E8D53B4D1B0B6CF400F0DCEA /* Images.xcassets in Resources */ = {isa = PBXBuildFile; fileRef = E8D53B4C1B0B6CF400F0DCEA /* Images.xcassets */; };
		E8D53B501B0B6CF400F0DCEA /* LaunchScreen.xib in Resources */ = {isa = PBXBuildFile; fileRef = E8D53B4E1B0B6CF400F0DCEA /* LaunchScreen.xib */; };
		E8D53B5C1B0B6CF400F0DCEA /* SmashTests.swift in Sources */ = {isa = PBXBuildFile; fileRef = E8D53B5B1B0B6CF400F0DCEA /* SmashTests.swift */; };
/* End PBXBuildFile section */

/* Begin PBXContainerItemProxy section */
		E8D53B561B0B6CF400F0DCEA /* PBXContainerItemProxy */ = {
			isa = PBXContainerItemProxy;
			containerPortal = E8D53B381B0B6CF400F0DCEA /* Project object */;
			proxyType = 1;
			remoteGlobalIDString = E8D53B3F1B0B6CF400F0DCEA;
			remoteInfo = Smash;
		};
/* End PBXContainerItemProxy section */

/* Begin PBXFileReference section */
		E84389391B0CCF4900D25775 /* GameData.swift */ = {isa = PBXFileReference; fileEncoding = 4; lastKnownFileType = sourcecode.swift; path = GameData.swift; sourceTree = "<group>"; };
		E85F74351B0BBED700F001F0 /* BallCountView.swift */ = {isa = PBXFileReference; fileEncoding = 4; lastKnownFileType = sourcecode.swift; path = BallCountView.swift; sourceTree = "<group>"; };
		E85F74371B0BBEEC00F001F0 /* BallView.swift */ = {isa = PBXFileReference; fileEncoding = 4; lastKnownFileType = sourcecode.swift; path = BallView.swift; sourceTree = "<group>"; };
		E85F74391B0BBF0100F001F0 /* BrickView.swift */ = {isa = PBXFileReference; fileEncoding = 4; lastKnownFileType = sourcecode.swift; path = BrickView.swift; sourceTree = "<group>"; };
		E85F743B1B0BBF1100F001F0 /* PaddleView.swift */ = {isa = PBXFileReference; fileEncoding = 4; lastKnownFileType = sourcecode.swift; path = PaddleView.swift; sourceTree = "<group>"; };
		E8D53B401B0B6CF400F0DCEA /* Smash.app */ = {isa = PBXFileReference; explicitFileType = wrapper.application; includeInIndex = 0; path = Smash.app; sourceTree = BUILT_PRODUCTS_DIR; };
		E8D53B441B0B6CF400F0DCEA /* Info.plist */ = {isa = PBXFileReference; lastKnownFileType = text.plist.xml; path = Info.plist; sourceTree = "<group>"; };
		E8D53B451B0B6CF400F0DCEA /* AppDelegate.swift */ = {isa = PBXFileReference; lastKnownFileType = sourcecode.swift; path = AppDelegate.swift; sourceTree = "<group>"; };
		E8D53B471B0B6CF400F0DCEA /* ViewController.swift */ = {isa = PBXFileReference; lastKnownFileType = sourcecode.swift; path = ViewController.swift; sourceTree = "<group>"; };
		E8D53B4A1B0B6CF400F0DCEA /* Base */ = {isa = PBXFileReference; lastKnownFileType = file.storyboard; name = Base; path = Base.lproj/Main.storyboard; sourceTree = "<group>"; };
		E8D53B4C1B0B6CF400F0DCEA /* Images.xcassets */ = {isa = PBXFileReference; lastKnownFileType = folder.assetcatalog; path = Images.xcassets; sourceTree = "<group>"; };
		E8D53B4F1B0B6CF400F0DCEA /* Base */ = {isa = PBXFileReference; lastKnownFileType = file.xib; name = Base; path = Base.lproj/LaunchScreen.xib; sourceTree = "<group>"; };
		E8D53B551B0B6CF400F0DCEA /* SmashTests.xctest */ = {isa = PBXFileReference; explicitFileType = wrapper.cfbundle; includeInIndex = 0; path = SmashTests.xctest; sourceTree = BUILT_PRODUCTS_DIR; };
		E8D53B5A1B0B6CF400F0DCEA /* Info.plist */ = {isa = PBXFileReference; lastKnownFileType = text.plist.xml; path = Info.plist; sourceTree = "<group>"; };
		E8D53B5B1B0B6CF400F0DCEA /* SmashTests.swift */ = {isa = PBXFileReference; lastKnownFileType = sourcecode.swift; path = SmashTests.swift; sourceTree = "<group>"; };
/* End PBXFileReference section */

/* Begin PBXFrameworksBuildPhase section */
		E8D53B3D1B0B6CF400F0DCEA /* Frameworks */ = {
			isa = PBXFrameworksBuildPhase;
			buildActionMask = 2147483647;
			files = (
			);
			runOnlyForDeploymentPostprocessing = 0;
		};
		E8D53B521B0B6CF400F0DCEA /* Frameworks */ = {
			isa = PBXFrameworksBuildPhase;
			buildActionMask = 2147483647;
			files = (
			);
			runOnlyForDeploymentPostprocessing = 0;
		};
/* End PBXFrameworksBuildPhase section */

/* Begin PBXGroup section */
		E8D53B371B0B6CF400F0DCEA = {
			isa = PBXGroup;
			children = (
				E8D53B421B0B6CF400F0DCEA /* Smash */,
				E8D53B581B0B6CF400F0DCEA /* SmashTests */,
				E8D53B411B0B6CF400F0DCEA /* Products */,
			);
			sourceTree = "<group>";
		};
		E8D53B411B0B6CF400F0DCEA /* Products */ = {
			isa = PBXGroup;
			children = (
				E8D53B401B0B6CF400F0DCEA /* Smash.app */,
				E8D53B551B0B6CF400F0DCEA /* SmashTests.xctest */,
			);
			name = Products;
			sourceTree = "<group>";
		};
		E8D53B421B0B6CF400F0DCEA /* Smash */ = {
			isa = PBXGroup;
			children = (
				E8D53B451B0B6CF400F0DCEA /* AppDelegate.swift */,
				E8D53B471B0B6CF400F0DCEA /* ViewController.swift */,
				E8D53B491B0B6CF400F0DCEA /* Main.storyboard */,
				E85F74351B0BBED700F001F0 /* BallCountView.swift */,
				E85F74371B0BBEEC00F001F0 /* BallView.swift */,
				E85F74391B0BBF0100F001F0 /* BrickView.swift */,
				E85F743B1B0BBF1100F001F0 /* PaddleView.swift */,
				E8D53B431B0B6CF400F0DCEA /* Supporting Files */,
				E84389391B0CCF4900D25775 /* GameData.swift */,
			);
			path = Smash;
			sourceTree = "<group>";
		};
		E8D53B431B0B6CF400F0DCEA /* Supporting Files */ = {
			isa = PBXGroup;
			children = (
				E8D53B4C1B0B6CF400F0DCEA /* Images.xcassets */,
				E8D53B4E1B0B6CF400F0DCEA /* LaunchScreen.xib */,
				E8D53B441B0B6CF400F0DCEA /* Info.plist */,
			);
			name = "Supporting Files";
			sourceTree = "<group>";
		};
		E8D53B581B0B6CF400F0DCEA /* SmashTests */ = {
			isa = PBXGroup;
			children = (
				E8D53B5B1B0B6CF400F0DCEA /* SmashTests.swift */,
				E8D53B591B0B6CF400F0DCEA /* Supporting Files */,
			);
			path = SmashTests;
			sourceTree = "<group>";
		};
		E8D53B591B0B6CF400F0DCEA /* Supporting Files */ = {
			isa = PBXGroup;
			children = (
				E8D53B5A1B0B6CF400F0DCEA /* Info.plist */,
			);
			name = "Supporting Files";
			sourceTree = "<group>";
		};
/* End PBXGroup section */

/* Begin PBXNativeTarget section */
		E8D53B3F1B0B6CF400F0DCEA /* Smash */ = {
			isa = PBXNativeTarget;
			buildConfigurationList = E8D53B5F1B0B6CF400F0DCEA /* Build configuration list for PBXNativeTarget "Smash" */;
			buildPhases = (
				E8D53B3C1B0B6CF400F0DCEA /* Sources */,
				E8D53B3D1B0B6CF400F0DCEA /* Frameworks */,
				E8D53B3E1B0B6CF400F0DCEA /* Resources */,
			);
			buildRules = (
			);
			dependencies = (
			);
			name = Smash;
			productName = Smash;
			productReference = E8D53B401B0B6CF400F0DCEA /* Smash.app */;
			productType = "com.apple.product-type.application";
		};
		E8D53B541B0B6CF400F0DCEA /* SmashTests */ = {
			isa = PBXNativeTarget;
			buildConfigurationList = E8D53B621B0B6CF400F0DCEA /* Build configuration list for PBXNativeTarget "SmashTests" */;
			buildPhases = (
				E8D53B511B0B6CF400F0DCEA /* Sources */,
				E8D53B521B0B6CF400F0DCEA /* Frameworks */,
				E8D53B531B0B6CF400F0DCEA /* Resources */,
			);
			buildRules = (
			);
			dependencies = (
				E8D53B571B0B6CF400F0DCEA /* PBXTargetDependency */,
			);
			name = SmashTests;
			productName = SmashTests;
			productReference = E8D53B551B0B6CF400F0DCEA /* SmashTests.xctest */;
			productType = "com.apple.product-type.bundle.unit-test";
		};
/* End PBXNativeTarget section */

/* Begin PBXProject section */
		E8D53B381B0B6CF400F0DCEA /* Project object */ = {
			isa = PBXProject;
			attributes = {
				LastUpgradeCheck = 0630;
				ORGANIZATIONNAME = "Chris Aaron";
				TargetAttributes = {
					E8D53B3F1B0B6CF400F0DCEA = {
						CreatedOnToolsVersion = 6.3;
					};
					E8D53B541B0B6CF400F0DCEA = {
						CreatedOnToolsVersion = 6.3;
						TestTargetID = E8D53B3F1B0B6CF400F0DCEA;
					};
				};
			};
			buildConfigurationList = E8D53B3B1B0B6CF400F0DCEA /* Build configuration list for PBXProject "Smash" */;
			compatibilityVersion = "Xcode 3.2";
			developmentRegion = English;
			hasScannedForEncodings = 0;
			knownRegions = (
				en,
				Base,
			);
			mainGroup = E8D53B371B0B6CF400F0DCEA;
			productRefGroup = E8D53B411B0B6CF400F0DCEA /* Products */;
			projectDirPath = "";
			projectRoot = "";
			targets = (
				E8D53B3F1B0B6CF400F0DCEA /* Smash */,
				E8D53B541B0B6CF400F0DCEA /* SmashTests */,
			);
		};
/* End PBXProject section */

/* Begin PBXResourcesBuildPhase section */
		E8D53B3E1B0B6CF400F0DCEA /* Resources */ = {
			isa = PBXResourcesBuildPhase;
			buildActionMask = 2147483647;
			files = (
				E8D53B4B1B0B6CF400F0DCEA /* Main.storyboard in Resources */,
				E8D53B501B0B6CF400F0DCEA /* LaunchScreen.xib in Resources */,
				E8D53B4D1B0B6CF400F0DCEA /* Images.xcassets in Resources */,
			);
			runOnlyForDeploymentPostprocessing = 0;
		};
		E8D53B531B0B6CF400F0DCEA /* Resources */ = {
			isa = PBXResourcesBuildPhase;
			buildActionMask = 2147483647;
			files = (
			);
			runOnlyForDeploymentPostprocessing = 0;
		};
/* End PBXResourcesBuildPhase section */

/* Begin PBXSourcesBuildPhase section */
		E8D53B3C1B0B6CF400F0DCEA /* Sources */ = {
			isa = PBXSourcesBuildPhase;
			buildActionMask = 2147483647;
			files = (
				E8D53B481B0B6CF400F0DCEA /* ViewController.swift in Sources */,
				E85F74361B0BBED700F001F0 /* BallCountView.swift in Sources */,
				E85F743A1B0BBF0100F001F0 /* BrickView.swift in Sources */,
				E8D53B461B0B6CF400F0DCEA /* AppDelegate.swift in Sources */,
				E843893A1B0CCF4900D25775 /* GameData.swift in Sources */,
				E85F743C1B0BBF1100F001F0 /* PaddleView.swift in Sources */,
				E85F74381B0BBEEC00F001F0 /* BallView.swift in Sources */,
			);
			runOnlyForDeploymentPostprocessing = 0;
		};
		E8D53B511B0B6CF400F0DCEA /* Sources */ = {
			isa = PBXSourcesBuildPhase;
			buildActionMask = 2147483647;
			files = (
				E8D53B5C1B0B6CF400F0DCEA /* SmashTests.swift in Sources */,
			);
			runOnlyForDeploymentPostprocessing = 0;
		};
/* End PBXSourcesBuildPhase section */

/* Begin PBXTargetDependency section */
		E8D53B571B0B6CF400F0DCEA /* PBXTargetDependency */ = {
			isa = PBXTargetDependency;
			target = E8D53B3F1B0B6CF400F0DCEA /* Smash */;
			targetProxy = E8D53B561B0B6CF400F0DCEA /* PBXContainerItemProxy */;
		};
/* End PBXTargetDependency section */

/* Begin PBXVariantGroup section */
		E8D53B491B0B6CF400F0DCEA /* Main.storyboard */ = {
			isa = PBXVariantGroup;
			children = (
				E8D53B4A1B0B6CF400F0DCEA /* Base */,
			);
			name = Main.storyboard;
			sourceTree = "<group>";
		};
		E8D53B4E1B0B6CF400F0DCEA /* LaunchScreen.xib */ = {
			isa = PBXVariantGroup;
			children = (
				E8D53B4F1B0B6CF400F0DCEA /* Base */,
			);
			name = LaunchScreen.xib;
			sourceTree = "<group>";
		};
/* End PBXVariantGroup section */

/* Begin XCBuildConfiguration section */
		E8D53B5D1B0B6CF400F0DCEA /* Debug */ = {
			isa = XCBuildConfiguration;
			buildSettings = {
				ALWAYS_SEARCH_USER_PATHS = NO;
				CLANG_CXX_LANGUAGE_STANDARD = "gnu++0x";
				CLANG_CXX_LIBRARY = "libc++";
				CLANG_ENABLE_MODULES = YES;
				CLANG_ENABLE_OBJC_ARC = YES;
				CLANG_WARN_BOOL_CONVERSION = YES;
				CLANG_WARN_CONSTANT_CONVERSION = YES;
				CLANG_WARN_DIRECT_OBJC_ISA_USAGE = YES_ERROR;
				CLANG_WARN_EMPTY_BODY = YES;
				CLANG_WARN_ENUM_CONVERSION = YES;
				CLANG_WARN_INT_CONVERSION = YES;
				CLANG_WARN_OBJC_ROOT_CLASS = YES_ERROR;
				CLANG_WARN_UNREACHABLE_CODE = YES;
				CLANG_WARN__DUPLICATE_METHOD_MATCH = YES;
				"CODE_SIGN_IDENTITY[sdk=iphoneos*]" = "iPhone Developer";
				COPY_PHASE_STRIP = NO;
				DEBUG_INFORMATION_FORMAT = "dwarf-with-dsym";
				ENABLE_STRICT_OBJC_MSGSEND = YES;
				GCC_C_LANGUAGE_STANDARD = gnu99;
				GCC_DYNAMIC_NO_PIC = NO;
				GCC_NO_COMMON_BLOCKS = YES;
				GCC_OPTIMIZATION_LEVEL = 0;
				GCC_PREPROCESSOR_DEFINITIONS = (
					"DEBUG=1",
					"$(inherited)",
				);
				GCC_SYMBOLS_PRIVATE_EXTERN = NO;
				GCC_WARN_64_TO_32_BIT_CONVERSION = YES;
				GCC_WARN_ABOUT_RETURN_TYPE = YES_ERROR;
				GCC_WARN_UNDECLARED_SELECTOR = YES;
				GCC_WARN_UNINITIALIZED_AUTOS = YES_AGGRESSIVE;
				GCC_WARN_UNUSED_FUNCTION = YES;
				GCC_WARN_UNUSED_VARIABLE = YES;
				IPHONEOS_DEPLOYMENT_TARGET = 8.3;
				MTL_ENABLE_DEBUG_INFO = YES;
				ONLY_ACTIVE_ARCH = YES;
				SDKROOT = iphoneos;
				SWIFT_OPTIMIZATION_LEVEL = "-Onone";
			};
			name = Debug;
		};
		E8D53B5E1B0B6CF400F0DCEA /* Release */ = {
			isa = XCBuildConfiguration;
			buildSettings = {
				ALWAYS_SEARCH_USER_PATHS = NO;
				CLANG_CXX_LANGUAGE_STANDARD = "gnu++0x";
				CLANG_CXX_LIBRARY = "libc++";
				CLANG_ENABLE_MODULES = YES;
				CLANG_ENABLE_OBJC_ARC = YES;
				CLANG_WARN_BOOL_CONVERSION = YES;
				CLANG_WARN_CONSTANT_CONVERSION = YES;
				CLANG_WARN_DIRECT_OBJC_ISA_USAGE = YES_ERROR;
				CLANG_WARN_EMPTY_BODY = YES;
				CLANG_WARN_ENUM_CONVERSION = YES;
				CLANG_WARN_INT_CONVERSION = YES;
				CLANG_WARN_OBJC_ROOT_CLASS = YES_ERROR;
				CLANG_WARN_UNREACHABLE_CODE = YES;
				CLANG_WARN__DUPLICATE_METHOD_MATCH = YES;
				"CODE_SIGN_IDENTITY[sdk=iphoneos*]" = "iPhone Developer";
				COPY_PHASE_STRIP = NO;
				DEBUG_INFORMATION_FORMAT = "dwarf-with-dsym";
				ENABLE_NS_ASSERTIONS = NO;
				ENABLE_STRICT_OBJC_MSGSEND = YES;
				GCC_C_LANGUAGE_STANDARD = gnu99;
				GCC_NO_COMMON_BLOCKS = YES;
				GCC_WARN_64_TO_32_BIT_CONVERSION = YES;
				GCC_WARN_ABOUT_RETURN_TYPE = YES_ERROR;
				GCC_WARN_UNDECLARED_SELECTOR = YES;
				GCC_WARN_UNINITIALIZED_AUTOS = YES_AGGRESSIVE;
				GCC_WARN_UNUSED_FUNCTION = YES;
				GCC_WARN_UNUSED_VARIABLE = YES;
				IPHONEOS_DEPLOYMENT_TARGET = 8.3;
				MTL_ENABLE_DEBUG_INFO = NO;
				SDKROOT = iphoneos;
				VALIDATE_PRODUCT = YES;
			};
			name = Release;
		};
		E8D53B601B0B6CF400F0DCEA /* Debug */ = {
			isa = XCBuildConfiguration;
			buildSettings = {
				ASSETCATALOG_COMPILER_APPICON_NAME = AppIcon;
				INFOPLIST_FILE = Smash/Info.plist;
				LD_RUNPATH_SEARCH_PATHS = "$(inherited) @executable_path/Frameworks";
				PRODUCT_NAME = "$(TARGET_NAME)";
			};
			name = Debug;
		};
		E8D53B611B0B6CF400F0DCEA /* Release */ = {
			isa = XCBuildConfiguration;
			buildSettings = {
				ASSETCATALOG_COMPILER_APPICON_NAME = AppIcon;
				INFOPLIST_FILE = Smash/Info.plist;
				LD_RUNPATH_SEARCH_PATHS = "$(inherited) @executable_path/Frameworks";
				PRODUCT_NAME = "$(TARGET_NAME)";
			};
			name = Release;
		};
		E8D53B631B0B6CF400F0DCEA /* Debug */ = {
			isa = XCBuildConfiguration;
			buildSettings = {
				BUNDLE_LOADER = "$(TEST_HOST)";
				FRAMEWORK_SEARCH_PATHS = (
					"$(SDKROOT)/Developer/Library/Frameworks",
					"$(inherited)",
				);
				GCC_PREPROCESSOR_DEFINITIONS = (
					"DEBUG=1",
					"$(inherited)",
				);
				INFOPLIST_FILE = SmashTests/Info.plist;
				LD_RUNPATH_SEARCH_PATHS = "$(inherited) @executable_path/Frameworks @loader_path/Frameworks";
				PRODUCT_NAME = "$(TARGET_NAME)";
				TEST_HOST = "$(BUILT_PRODUCTS_DIR)/Smash.app/Smash";
			};
			name = Debug;
		};
		E8D53B641B0B6CF400F0DCEA /* Release */ = {
			isa = XCBuildConfiguration;
			buildSettings = {
				BUNDLE_LOADER = "$(TEST_HOST)";
				FRAMEWORK_SEARCH_PATHS = (
					"$(SDKROOT)/Developer/Library/Frameworks",
					"$(inherited)",
				);
				INFOPLIST_FILE = SmashTests/Info.plist;
				LD_RUNPATH_SEARCH_PATHS = "$(inherited) @executable_path/Frameworks @loader_path/Frameworks";
				PRODUCT_NAME = "$(TARGET_NAME)";
				TEST_HOST = "$(BUILT_PRODUCTS_DIR)/Smash.app/Smash";
			};
			name = Release;
		};
/* End XCBuildConfiguration section */

/* Begin XCConfigurationList section */
		E8D53B3B1B0B6CF400F0DCEA /* Build configuration list for PBXProject "Smash" */ = {
			isa = XCConfigurationList;
			buildConfigurations = (
				E8D53B5D1B0B6CF400F0DCEA /* Debug */,
				E8D53B5E1B0B6CF400F0DCEA /* Release */,
			);
			defaultConfigurationIsVisible = 0;
			defaultConfigurationName = Release;
		};
		E8D53B5F1B0B6CF400F0DCEA /* Build configuration list for PBXNativeTarget "Smash" */ = {
			isa = XCConfigurationList;
			buildConfigurations = (
				E8D53B601B0B6CF400F0DCEA /* Debug */,
				E8D53B611B0B6CF400F0DCEA /* Release */,
			);
			defaultConfigurationIsVisible = 0;
			defaultConfigurationName = Release;
		};
		E8D53B621B0B6CF400F0DCEA /* Build configuration list for PBXNativeTarget "SmashTests" */ = {
			isa = XCConfigurationList;
			buildConfigurations = (
				E8D53B631B0B6CF400F0DCEA /* Debug */,
				E8D53B641B0B6CF400F0DCEA /* Release */,
			);
			defaultConfigurationIsVisible = 0;
			defaultConfigurationName = Release;
		};
/* End XCConfigurationList section */
	};
	rootObject = E8D53B381B0B6CF400F0DCEA /* Project object */;
}
